
Microsoft Visual Studio Solution File, Format Version 12.00
# Visual Studio 2013
VisualStudioVersion = 12.0.31101.0
MinimumVisualStudioVersion = 10.0.40219.1
Project("{FAE04EC0-301F-11D3-BF4B-00C04F79EFBC}") = "BookService", "BookService\BookService.csproj", "{CEE4DA92-E190-487C-ACBE-FE8D86C41F08}"
EndProject
Global
	GlobalSection(SolutionConfigurationPlatforms) = preSolution
		Debug|Any CPU = Debug|Any CPU
		Release|Any CPU = Release|Any CPU
	EndGlobalSection
	GlobalSection(ProjectConfigurationPlatforms) = postSolution
		{CEE4DA92-E190-487C-ACBE-FE8D86C41F08}.Debug|Any CPU.ActiveCfg = Debug|Any CPU
		{CEE4DA92-E190-487C-ACBE-FE8D86C41F08}.Debug|Any CPU.Build.0 = Debug|Any CPU
		{CEE4DA92-E190-487C-ACBE-FE8D86C41F08}.Release|Any CPU.ActiveCfg = Release|Any CPU
		{CEE4DA92-E190-487C-ACBE-FE8D86C41F08}.Release|Any CPU.Build.0 = Release|Any CPU
	EndGlobalSection
	GlobalSection(SolutionProperties) = preSolution
		HideSolutionNode = FALSE
	EndGlobalSection
EndGlobal
